
Microsoft Visual Studio Solution File, Format Version 12.00
# Visual Studio Version 17
VisualStudioVersion = 17.1.32210.238
MinimumVisualStudioVersion = 10.0.40219.1
Project("{FAE04EC0-301F-11D3-BF4B-00C04F79EFBC}") = "pripremaZaOcjenskuVjezbu2", "pripremaZaOcjenskuVjezbu2\pripremaZaOcjenskuVjezbu2.csproj", "{B292BE9A-CB48-4AFE-AFDA-D6E86606D913}"
EndProject
Global
	GlobalSection(SolutionConfigurationPlatforms) = preSolution
		Debug|Any CPU = Debug|Any CPU
		Release|Any CPU = Release|Any CPU
	EndGlobalSection
	GlobalSection(ProjectConfigurationPlatforms) = postSolution
		{B292BE9A-CB48-4AFE-AFDA-D6E86606D913}.Debug|Any CPU.ActiveCfg = Debug|Any CPU
		{B292BE9A-CB48-4AFE-AFDA-D6E86606D913}.Debug|Any CPU.Build.0 = Debug|Any CPU
		{B292BE9A-CB48-4AFE-AFDA-D6E86606D913}.Release|Any CPU.ActiveCfg = Release|Any CPU
		{B292BE9A-CB48-4AFE-AFDA-D6E86606D913}.Release|Any CPU.Build.0 = Release|Any CPU
	EndGlobalSection
	GlobalSection(SolutionProperties) = preSolution
		HideSolutionNode = FALSE
	EndGlobalSection
	GlobalSection(ExtensibilityGlobals) = postSolution
		SolutionGuid = {2E8698FD-AC1C-4A7E-B65D-D4B50168BA01}
	EndGlobalSection
EndGlobal
